
Microsoft Visual Studio Solution File, Format Version 12.00
# Visual Studio Version 17
VisualStudioVersion = 17.7.34031.279
MinimumVisualStudioVersion = 10.0.40219.1
Project("{FAE04EC0-301F-11D3-BF4B-00C04F79EFBC}") = "lab3-4Sokolov", "lab3-4Sokolov\lab3-4Sokolov.csproj", "{7F16D046-4212-4C90-A429-8FE2301C6808}"
EndProject
Global
	GlobalSection(SolutionConfigurationPlatforms) = preSolution
		Debug|Any CPU = Debug|Any CPU
		Release|Any CPU = Release|Any CPU
	EndGlobalSection
	GlobalSection(ProjectConfigurationPlatforms) = postSolution
		{7F16D046-4212-4C90-A429-8FE2301C6808}.Debug|Any CPU.ActiveCfg = Debug|Any CPU
		{7F16D046-4212-4C90-A429-8FE2301C6808}.Debug|Any CPU.Build.0 = Debug|Any CPU
		{7F16D046-4212-4C90-A429-8FE2301C6808}.Release|Any CPU.ActiveCfg = Release|Any CPU
		{7F16D046-4212-4C90-A429-8FE2301C6808}.Release|Any CPU.Build.0 = Release|Any CPU
	EndGlobalSection
	GlobalSection(SolutionProperties) = preSolution
		HideSolutionNode = FALSE
	EndGlobalSection
	GlobalSection(ExtensibilityGlobals) = postSolution
		SolutionGuid = {81C1D5E4-D36F-48A6-A513-55D58D1706E2}
	EndGlobalSection
EndGlobal
